
Microsoft Visual Studio Solution File, Format Version 12.00
# Visual Studio Version 17
VisualStudioVersion = 17.4.33213.308
MinimumVisualStudioVersion = 10.0.40219.1
Project("{FAE04EC0-301F-11D3-BF4B-00C04F79EFBC}") = "MyMovies", "MyMovies.csproj", "{C87ECF2C-BACA-4315-8BCC-0EDA6A2E2DD4}"
EndProject
Global
	GlobalSection(SolutionConfigurationPlatforms) = preSolution
		Debug|Any CPU = Debug|Any CPU
		Release|Any CPU = Release|Any CPU
	EndGlobalSection
	GlobalSection(ProjectConfigurationPlatforms) = postSolution
		{C87ECF2C-BACA-4315-8BCC-0EDA6A2E2DD4}.Debug|Any CPU.ActiveCfg = Debug|Any CPU
		{C87ECF2C-BACA-4315-8BCC-0EDA6A2E2DD4}.Debug|Any CPU.Build.0 = Debug|Any CPU
		{C87ECF2C-BACA-4315-8BCC-0EDA6A2E2DD4}.Release|Any CPU.ActiveCfg = Release|Any CPU
		{C87ECF2C-BACA-4315-8BCC-0EDA6A2E2DD4}.Release|Any CPU.Build.0 = Release|Any CPU
	EndGlobalSection
	GlobalSection(SolutionProperties) = preSolution
		HideSolutionNode = FALSE
	EndGlobalSection
	GlobalSection(ExtensibilityGlobals) = postSolution
		SolutionGuid = {C92E7914-20D0-4115-8BBC-AF5929921879}
	EndGlobalSection
EndGlobal
